{
  "name": "te",
  "lockfileVersion": 2,
  "requires": true,
  "packages": {
    "": {
      "dependencies": {
        "primrose": "^1.1.7"
      }
    },
    "node_modules/primrose": {
      "version": "1.1.7",
      "resolved": "https://registry.npmjs.org/primrose/-/primrose-1.1.7.tgz",
      "integrity": "sha512-kp9FJ/xObzbvFCYQsze6Pu6R8ng9vaKlziKLACQ1aoxpwKELyoGvKhW32JnmV1DyfCRoXS4ZguNYxD4fpR4Jug=="
    }
  },
  "dependencies": {
    "primrose": {
      "version": "1.1.7",
      "resolved": "https://registry.npmjs.org/primrose/-/primrose-1.1.7.tgz",
      "integrity": "sha512-kp9FJ/xObzbvFCYQsze6Pu6R8ng9vaKlziKLACQ1aoxpwKELyoGvKhW32JnmV1DyfCRoXS4ZguNYxD4fpR4Jug=="
    }
  }
}
